PODS:
  - OpenCV (2.4.6)
  - SVProgressHUD (2.1.2)

DEPENDENCIES:
  - OpenCV (= 2.4.6)
  - SVProgressHUD (= 2.1.2)

SPEC CHECKSUMS:
  OpenCV: 3083f3f877f2a7b0c59383d5bba5088d339993df
  SVProgressHUD: c404a55d78acbeb7ebb78b76d3faf986475a6994

PODFILE CHECKSUM: 312bf41caa6363335259770e573df58c1da670f4

COCOAPODS: 1.2.0
